
Microsoft Visual Studio Solution File, Format Version 12.00
# Visual Studio Version 16
VisualStudioVersion = 16.0.31205.134
MinimumVisualStudioVersion = 10.0.40219.1
Project("{FAE04EC0-301F-11D3-BF4B-00C04F79EFBC}") = "Server", "Server\Server.csproj", "{D76CD2C1-DADD-4EBA-A844-36BEECA1AA66}"
EndProject
Project("{FAE04EC0-301F-11D3-BF4B-00C04F79EFBC}") = "Common", "Common\Common.csproj", "{96ECF890-CB69-4E33-9A95-9886D2B466E8}"
EndProject
Project("{FAE04EC0-301F-11D3-BF4B-00C04F79EFBC}") = "ClientWpf", "ClientWpf\ClientWpf.csproj", "{B5E57618-3FEF-4002-8AE6-F81EF4930845}"
EndProject
Global
	GlobalSection(SolutionConfigurationPlatforms) = preSolution
		Debug|Any CPU = Debug|Any CPU
		Release|Any CPU = Release|Any CPU
	EndGlobalSection
	GlobalSection(ProjectConfigurationPlatforms) = postSolution
		{D76CD2C1-DADD-4EBA-A844-36BEECA1AA66}.Debug|Any CPU.ActiveCfg = Debug|Any CPU
		{D76CD2C1-DADD-4EBA-A844-36BEECA1AA66}.Debug|Any CPU.Build.0 = Debug|Any CPU
		{D76CD2C1-DADD-4EBA-A844-36BEECA1AA66}.Release|Any CPU.ActiveCfg = Release|Any CPU
		{D76CD2C1-DADD-4EBA-A844-36BEECA1AA66}.Release|Any CPU.Build.0 = Release|Any CPU
		{96ECF890-CB69-4E33-9A95-9886D2B466E8}.Debug|Any CPU.ActiveCfg = Debug|Any CPU
		{96ECF890-CB69-4E33-9A95-9886D2B466E8}.Debug|Any CPU.Build.0 = Debug|Any CPU
		{96ECF890-CB69-4E33-9A95-9886D2B466E8}.Release|Any CPU.ActiveCfg = Release|Any CPU
		{96ECF890-CB69-4E33-9A95-9886D2B466E8}.Release|Any CPU.Build.0 = Release|Any CPU
		{B5E57618-3FEF-4002-8AE6-F81EF4930845}.Debug|Any CPU.ActiveCfg = Debug|Any CPU
		{B5E57618-3FEF-4002-8AE6-F81EF4930845}.Debug|Any CPU.Build.0 = Debug|Any CPU
		{B5E57618-3FEF-4002-8AE6-F81EF4930845}.Release|Any CPU.ActiveCfg = Release|Any CPU
		{B5E57618-3FEF-4002-8AE6-F81EF4930845}.Release|Any CPU.Build.0 = Release|Any CPU
	EndGlobalSection
	GlobalSection(SolutionProperties) = preSolution
		HideSolutionNode = FALSE
	EndGlobalSection
	GlobalSection(ExtensibilityGlobals) = postSolution
		SolutionGuid = {C1C1C443-74DA-4CD6-B465-60F75BA90E10}
	EndGlobalSection
EndGlobal
